# This file is automatically @generated by Cargo.
# It is not intended for manual editing.
version = 4

[[package]]
name = "gss"
version = "0.1.0"
dependencies = [
 "lex-just-parse",
]

[[package]]
name = "lex-just-parse"
version = "0.1.1"
source = "registry+https://github.com/rust-lang/crates.io-index"
checksum = "47088abde36aad8ac6063beb8195ee6a78803089588d87777cd2dbc7fa4f1529"
