# This file is automatically @generated by Cargo.
# It is not intended for manual editing.
version = 4

[[package]]
name = "gss"
version = "0.1.0"
dependencies = [
 "lex-just-parse",
]

[[package]]
name = "lex-just-parse"
version = "1.3.1"
source = "registry+https://github.com/rust-lang/crates.io-index"
checksum = "7a0016f1ad3bce2eaa5a1420c6aeff18967cd0859693bdbdb2d443bf986c3644"
