# This file is automatically @generated by Cargo.
# It is not intended for manual editing.
version = 4

[[package]]
name = "gss"
version = "0.1.0"
dependencies = [
 "lex-just-parse",
]

[[package]]
name = "lex-just-parse"
version = "0.4.0"
source = "registry+https://github.com/rust-lang/crates.io-index"
checksum = "4b9139c07d6b0ee52f305ff914e0a2936c0f82cf08f230ac726a38d711af5aa6"
